{
    "_readme": [
        "This file locks the dependencies of your project to a known state",
        "Read more about it at https://getcomposer.org/doc/01-basic-usage.md#composer-lock-the-lock-file",
        "This file is @generated automatically"
    ],
    "content-hash": "d7feaa30070326b5af6028da87f7744f",
    "packages": [
        {
            "name": "phplang/scope-exit",
            "version": "1.0.0",
            "source": {
                "type": "git",
                "url": "https://github.com/phplang/scope-exit.git",
                "reference": "239b73abe89f9414aa85a7ca075ec9445629192b"
            },
            "dist": {
                "type": "zip",
                "url": "https://api.github.com/repos/phplang/scope-exit/zipball/239b73abe89f9414aa85a7ca075ec9445629192b",
                "reference": "239b73abe89f9414aa85a7ca075ec9445629192b",
                "shasum": ""
            },
            "require-dev": {
                "phpunit/phpunit": "*"
            },
            "type": "library",
            "autoload": {
                "psr-4": {
                    "PhpLang\\": "src/"
                }
            },
            "notification-url": "https://packagist.org/downloads/",
            "license": [
                "BSD"
            ],
            "authors": [
                {
                    "name": "Sara Golemon",
                    "email": "pollita@php.net",
                    "homepage": "https://twitter.com/SaraMG",
                    "role": "Developer"
                }
            ],
            "description": "Emulation of SCOPE_EXIT construct from C++",
            "homepage": "https://github.com/phplang/scope-exit",
            "keywords": [
                "cleanup",
                "exit",
                "scope"
            ],
            "time": "2016-09-17T00:15:18+00:00"
        },
        {
            "name": "swaggest/json-diff",
            "version": "v2.0.2",
            "source": {
                "type": "git",
                "url": "https://github.com/swaggest/json-diff.git",
                "reference": "64972f5425d42c8d4b111fc958dbe97b5df1b9cb"
            },
            "dist": {
                "type": "zip",
                "url": "https://api.github.com/repos/swaggest/json-diff/zipball/64972f5425d42c8d4b111fc958dbe97b5df1b9cb",
                "reference": "64972f5425d42c8d4b111fc958dbe97b5df1b9cb",
                "shasum": ""
            },
            "require-dev": {
                "codeclimate/php-test-reporter": "^0.4.0",
                "php-yaoi/php-yaoi": "^1",
                "phpunit/php-code-coverage": "2.2.4",
                "phpunit/phpunit": "^4.8.23"
            },
            "bin": [
                "bin/json-diff"
            ],
            "type": "tool",
            "autoload": {
                "psr-4": {
                    "Swaggest\\JsonDiff\\": "src/"
                }
            },
            "notification-url": "https://packagist.org/downloads/",
            "license": [
                "MIT"
            ],
            "authors": [
                {
                    "name": "Viacheslav Poturaev",
                    "email": "vearutop@gmail.com"
                }
            ],
            "description": "JSON diff and rearrange tool for PHP",
            "time": "2018-02-09T01:56:41+00:00"
        },
        {
            "name": "swaggest/json-schema",
            "version": "v0.10.0",
            "source": {
                "type": "git",
                "url": "https://github.com/swaggest/php-json-schema.git",
                "reference": "bd13969a21f454dfc14fac076f4c6403880ffd17"
            },
            "dist": {
                "type": "zip",
                "url": "https://api.github.com/repos/swaggest/php-json-schema/zipball/bd13969a21f454dfc14fac076f4c6403880ffd17",
                "reference": "bd13969a21f454dfc14fac076f4c6403880ffd17",
                "shasum": ""
            },
            "require": {
                "php": ">=5.4",
                "phplang/scope-exit": "^1.0",
                "swaggest/json-diff": "^2.0"
            },
            "require-dev": {
                "codeclimate/php-test-reporter": "^0.4.0",
                "phpunit/php-code-coverage": "2.2.4",
                "phpunit/phpunit": "4.8.35",
                "swaggest/code-builder": "dev-master#e0c5c0612fd241d2d120e5ddef91cda9edc208ee",
                "swaggest/php-code-builder": "dev-master#3e643924445eb0f8d13dd011a57a42ce75629892"
            },
            "type": "library",
            "autoload": {
                "psr-4": {
                    "Swaggest\\JsonSchema\\": "src/"
                }
            },
            "notification-url": "https://packagist.org/downloads/",
            "license": [
                "MIT"
            ],
            "authors": [
                {
                    "name": "Viacheslav Poturaev",
                    "email": "vearutop@gmail.com"
                }
            ],
            "description": "High definition PHP structures with JSON-schema based validation",
            "time": "2018-02-14T10:54:56+00:00"
        }
    ],
    "packages-dev": [],
    "aliases": [],
    "minimum-stability": "stable",
    "stability-flags": [],
    "prefer-stable": false,
    "prefer-lowest": false,
    "platform": [],
    "platform-dev": []
}
